
Microsoft Visual Studio Solution File, Format Version 12.00
# Visual Studio 15
VisualStudioVersion = 15.0.28010.2036
MinimumVisualStudioVersion = 10.0.40219.1
Project("{FAE04EC0-301F-11D3-BF4B-00C04F79EFBC}") = "NetKraftS", "NetKraftS\NetKraftS.csproj", "{B2B3565B-C508-4578-A5BA-5E00D82CE740}"
EndProject
Project("{FAE04EC0-301F-11D3-BF4B-00C04F79EFBC}") = "TestApplication", "TestApplication\TestApplication.csproj", "{5893D146-EE47-47EB-87E6-EB088EA43BE9}"
EndProject
Project("{FAE04EC0-301F-11D3-BF4B-00C04F79EFBC}") = "NetKraftTest", "NetKraftTest\NetKraftTest.csproj", "{579546CC-44E8-4E6F-9825-B98071425793}"
EndProject
Global
	GlobalSection(SolutionConfigurationPlatforms) = preSolution
		Debug|Any CPU = Debug|Any CPU
		Release|Any CPU = Release|Any CPU
	EndGlobalSection
	GlobalSection(ProjectConfigurationPlatforms) = postSolution
		{B2B3565B-C508-4578-A5BA-5E00D82CE740}.Debug|Any CPU.ActiveCfg = Debug|Any CPU
		{B2B3565B-C508-4578-A5BA-5E00D82CE740}.Debug|Any CPU.Build.0 = Debug|Any CPU
		{B2B3565B-C508-4578-A5BA-5E00D82CE740}.Release|Any CPU.ActiveCfg = Release|Any CPU
		{B2B3565B-C508-4578-A5BA-5E00D82CE740}.Release|Any CPU.Build.0 = Release|Any CPU
		{5893D146-EE47-47EB-87E6-EB088EA43BE9}.Debug|Any CPU.ActiveCfg = Debug|Any CPU
		{5893D146-EE47-47EB-87E6-EB088EA43BE9}.Debug|Any CPU.Build.0 = Debug|Any CPU
		{5893D146-EE47-47EB-87E6-EB088EA43BE9}.Release|Any CPU.ActiveCfg = Release|Any CPU
		{5893D146-EE47-47EB-87E6-EB088EA43BE9}.Release|Any CPU.Build.0 = Release|Any CPU
		{579546CC-44E8-4E6F-9825-B98071425793}.Debug|Any CPU.ActiveCfg = Debug|Any CPU
		{579546CC-44E8-4E6F-9825-B98071425793}.Debug|Any CPU.Build.0 = Debug|Any CPU
		{579546CC-44E8-4E6F-9825-B98071425793}.Release|Any CPU.ActiveCfg = Release|Any CPU
		{579546CC-44E8-4E6F-9825-B98071425793}.Release|Any CPU.Build.0 = Release|Any CPU
	EndGlobalSection
	GlobalSection(SolutionProperties) = preSolution
		HideSolutionNode = FALSE
	EndGlobalSection
	GlobalSection(ExtensibilityGlobals) = postSolution
		SolutionGuid = {FA62ED6E-51D1-4E8B-AE26-89C368DA792C}
	EndGlobalSection
EndGlobal
